<Solution>
  <Folder Name="/samples/">
    <Project Path="samples/PasswordForge.SampleAspNetCore/PasswordForge.SampleAspNetCore.csproj" />
    <Project Path="samples/PasswordForge.SampleConsole/PasswordForge.SampleConsole.csproj" />
  </Folder>
  <Folder Name="/src/">
    <Project Path="src/PasswordForge/PasswordForge.csproj" />
  </Folder>
  <Folder Name="/tests/">
    <Project Path="tests/PasswordForge.Tests/PasswordForge.Tests.csproj" />
  </Folder>
</Solution>
